// !$*UTF8*$!
{
	archiveVersion = 1;
	classes = {
	};
	objectVersion = 46;
	objects = {

/* Begin PBXBuildFile section */
		554DF85523B26BE4527635A7 /* Pods_Umbrella.framework in Frameworks */ = {isa = PBXBuildFile; fileRef = 0D04247E2CF27A02BEAA5177 /* Pods_Umbrella.framework */; };
		7652886C1DFA0F0A001D59E1 /* AppDelegate.swift in Sources */ = {isa = PBXBuildFile; fileRef = 7652886B1DFA0F0A001D59E1 /* AppDelegate.swift */; };
		7652886E1DFA0F0A001D59E1 /* ViewController.swift in Sources */ = {isa = PBXBuildFile; fileRef = 7652886D1DFA0F0A001D59E1 /* ViewController.swift */; };
		765288711DFA0F0A001D59E1 /* Main.storyboard in Resources */ = {isa = PBXBuildFile; fileRef = 7652886F1DFA0F0A001D59E1 /* Main.storyboard */; };
		765288741DFA0F0A001D59E1 /* Umbrella.xcdatamodeld in Sources */ = {isa = PBXBuildFile; fileRef = 765288721DFA0F0A001D59E1 /* Umbrella.xcdatamodeld */; };
		765288761DFA0F0A001D59E1 /* Assets.xcassets in Resources */ = {isa = PBXBuildFile; fileRef = 765288751DFA0F0A001D59E1 /* Assets.xcassets */; };
		765288791DFA0F0A001D59E1 /* LaunchScreen.storyboard in Resources */ = {isa = PBXBuildFile; fileRef = 765288771DFA0F0A001D59E1 /* LaunchScreen.storyboard */; };
		765288841DFA0F0A001D59E1 /* UmbrellaTests.swift in Sources */ = {isa = PBXBuildFile; fileRef = 765288831DFA0F0A001D59E1 /* UmbrellaTests.swift */; };
		765288931DFA10CA001D59E1 /* Weather.swift in Sources */ = {isa = PBXBuildFile; fileRef = 765288911DFA10CA001D59E1 /* Weather.swift */; };
		765288941DFA10CA001D59E1 /* Weather.swift in Sources */ = {isa = PBXBuildFile; fileRef = 765288911DFA10CA001D59E1 /* Weather.swift */; };
		765288951DFA10CA001D59E1 /* WeatherRequest.swift in Sources */ = {isa = PBXBuildFile; fileRef = 765288921DFA10CA001D59E1 /* WeatherRequest.swift */; };
		765288961DFA10CA001D59E1 /* WeatherRequest.swift in Sources */ = {isa = PBXBuildFile; fileRef = 765288921DFA10CA001D59E1 /* WeatherRequest.swift */; };
		7652889D1DFA1138001D59E1 /* CityLabel.swift in Sources */ = {isa = PBXBuildFile; fileRef = 765288981DFA1138001D59E1 /* CityLabel.swift */; };
		7652889E1DFA1138001D59E1 /* CityLabel.swift in Sources */ = {isa = PBXBuildFile; fileRef = 765288981DFA1138001D59E1 /* CityLabel.swift */; };
		7652889F1DFA1138001D59E1 /* CurrentForecastLabel.swift in Sources */ = {isa = PBXBuildFile; fileRef = 765288991DFA1138001D59E1 /* CurrentForecastLabel.swift */; };
		765288A01DFA1138001D59E1 /* CurrentForecastLabel.swift in Sources */ = {isa = PBXBuildFile; fileRef = 765288991DFA1138001D59E1 /* CurrentForecastLabel.swift */; };
		765288A11DFA1138001D59E1 /* DayHeaderLabel.swift in Sources */ = {isa = PBXBuildFile; fileRef = 7652889A1DFA1138001D59E1 /* DayHeaderLabel.swift */; };
		765288A21DFA1138001D59E1 /* DayHeaderLabel.swift in Sources */ = {isa = PBXBuildFile; fileRef = 7652889A1DFA1138001D59E1 /* DayHeaderLabel.swift */; };
		765288A31DFA1138001D59E1 /* TempForecastLabel.swift in Sources */ = {isa = PBXBuildFile; fileRef = 7652889B1DFA1138001D59E1 /* TempForecastLabel.swift */; };
		765288A41DFA1138001D59E1 /* TempForecastLabel.swift in Sources */ = {isa = PBXBuildFile; fileRef = 7652889B1DFA1138001D59E1 /* TempForecastLabel.swift */; };
		765288A51DFA1138001D59E1 /* TimeLabel.swift in Sources */ = {isa = PBXBuildFile; fileRef = 7652889C1DFA1138001D59E1 /* TimeLabel.swift */; };
		765288A61DFA1138001D59E1 /* TimeLabel.swift in Sources */ = {isa = PBXBuildFile; fileRef = 7652889C1DFA1138001D59E1 /* TimeLabel.swift */; };
		765288A81DFA116D001D59E1 /* CurrentTempView.swift in Sources */ = {isa = PBXBuildFile; fileRef = 765288A71DFA116D001D59E1 /* CurrentTempView.swift */; };
		765288A91DFA116D001D59E1 /* CurrentTempView.swift in Sources */ = {isa = PBXBuildFile; fileRef = 765288A71DFA116D001D59E1 /* CurrentTempView.swift */; };
		765288AD1DFA12C7001D59E1 /* String+Umbrella.swift in Sources */ = {isa = PBXBuildFile; fileRef = 765288AB1DFA12C7001D59E1 /* String+Umbrella.swift */; };
		765288AE1DFA12C7001D59E1 /* String+Umbrella.swift in Sources */ = {isa = PBXBuildFile; fileRef = 765288AB1DFA12C7001D59E1 /* String+Umbrella.swift */; };
		765288AF1DFA12C7001D59E1 /* UIColor+Nerdery.swift in Sources */ = {isa = PBXBuildFile; fileRef = 765288AC1DFA12C7001D59E1 /* UIColor+Nerdery.swift */; };
		765288B01DFA12C7001D59E1 /* UIColor+Nerdery.swift in Sources */ = {isa = PBXBuildFile; fileRef = 765288AC1DFA12C7001D59E1 /* UIColor+Nerdery.swift */; };
		D3161C681CF1E3A23F7D1005 /* Pods_UmbrellaTests.framework in Frameworks */ = {isa = PBXBuildFile; fileRef = DBBB53C431D15F30C5FD5763 /* Pods_UmbrellaTests.framework */; };
/* End PBXBuildFile section */

/* Begin PBXContainerItemProxy section */
		765288801DFA0F0A001D59E1 /* PBXContainerItemProxy */ = {
			isa = PBXContainerItemProxy;
			containerPortal = 765288601DFA0F0A001D59E1 /* Project object */;
			proxyType = 1;
			remoteGlobalIDString = 765288671DFA0F0A001D59E1;
			remoteInfo = Umbrella;
		};
/* End PBXContainerItemProxy section */

/* Begin PBXFileReference section */
		0D04247E2CF27A02BEAA5177 /* Pods_Umbrella.framework */ = {isa = PBXFileReference; explicitFileType = wrapper.framework; includeInIndex = 0; path = Pods_Umbrella.framework; sourceTree = BUILT_PRODUCTS_DIR; };
		1FB703E9EEDDDF9656DCEFDF /* Pods-Umbrella.debug.xcconfig */ = {isa = PBXFileReference; includeInIndex = 1; lastKnownFileType = text.xcconfig; name = "Pods-Umbrella.debug.xcconfig"; path = "Pods/Target Support Files/Pods-Umbrella/Pods-Umbrella.debug.xcconfig"; sourceTree = "<group>"; };
		3FD30C3FB1DDB4019244D473 /* Pods-UmbrellaTests.debug.xcconfig */ = {isa = PBXFileReference; includeInIndex = 1; lastKnownFileType = text.xcconfig; name = "Pods-UmbrellaTests.debug.xcconfig"; path = "Pods/Target Support Files/Pods-UmbrellaTests/Pods-UmbrellaTests.debug.xcconfig"; sourceTree = "<group>"; };
		765288681DFA0F0A001D59E1 /* Umbrella.app */ = {isa = PBXFileReference; explicitFileType = wrapper.application; includeInIndex = 0; path = Umbrella.app; sourceTree = BUILT_PRODUCTS_DIR; };
		7652886B1DFA0F0A001D59E1 /* AppDelegate.swift */ = {isa = PBXFileReference; lastKnownFileType = sourcecode.swift; path = AppDelegate.swift; sourceTree = "<group>"; };
		7652886D1DFA0F0A001D59E1 /* ViewController.swift */ = {isa = PBXFileReference; lastKnownFileType = sourcecode.swift; path = ViewController.swift; sourceTree = "<group>"; };
		765288701DFA0F0A001D59E1 /* Base */ = {isa = PBXFileReference; lastKnownFileType = file.storyboard; name = Base; path = Base.lproj/Main.storyboard; sourceTree = "<group>"; };
		765288731DFA0F0A001D59E1 /* Umbrella.xcdatamodel */ = {isa = PBXFileReference; lastKnownFileType = wrapper.xcdatamodel; path = Umbrella.xcdatamodel; sourceTree = "<group>"; };
		765288751DFA0F0A001D59E1 /* Assets.xcassets */ = {isa = PBXFileReference; lastKnownFileType = folder.assetcatalog; path = Assets.xcassets; sourceTree = "<group>"; };
		765288781DFA0F0A001D59E1 /* Base */ = {isa = PBXFileReference; lastKnownFileType = file.storyboard; name = Base; path = Base.lproj/LaunchScreen.storyboard; sourceTree = "<group>"; };
		7652887A1DFA0F0A001D59E1 /* Info.plist */ = {isa = PBXFileReference; lastKnownFileType = text.plist.xml; path = Info.plist; sourceTree = "<group>"; };
		7652887F1DFA0F0A001D59E1 /* UmbrellaTests.xctest */ = {isa = PBXFileReference; explicitFileType = wrapper.cfbundle; includeInIndex = 0; path = UmbrellaTests.xctest; sourceTree = BUILT_PRODUCTS_DIR; };
		765288831DFA0F0A001D59E1 /* UmbrellaTests.swift */ = {isa = PBXFileReference; lastKnownFileType = sourcecode.swift; path = UmbrellaTests.swift; sourceTree = "<group>"; };
		765288851DFA0F0A001D59E1 /* Info.plist */ = {isa = PBXFileReference; lastKnownFileType = text.plist.xml; path = Info.plist; sourceTree = "<group>"; };
		765288911DFA10CA001D59E1 /* Weather.swift */ = {isa = PBXFileReference; fileEncoding = 4; lastKnownFileType = sourcecode.swift; path = Weather.swift; sourceTree = "<group>"; };
		765288921DFA10CA001D59E1 /* WeatherRequest.swift */ = {isa = PBXFileReference; fileEncoding = 4; lastKnownFileType = sourcecode.swift; path = WeatherRequest.swift; sourceTree = "<group>"; };
		765288981DFA1138001D59E1 /* CityLabel.swift */ = {isa = PBXFileReference; fileEncoding = 4; lastKnownFileType = sourcecode.swift; path = CityLabel.swift; sourceTree = "<group>"; };
		765288991DFA1138001D59E1 /* CurrentForecastLabel.swift */ = {isa = PBXFileReference; fileEncoding = 4; lastKnownFileType = sourcecode.swift; path = CurrentForecastLabel.swift; sourceTree = "<group>"; };
		7652889A1DFA1138001D59E1 /* DayHeaderLabel.swift */ = {isa = PBXFileReference; fileEncoding = 4; lastKnownFileType = sourcecode.swift; path = DayHeaderLabel.swift; sourceTree = "<group>"; };
		7652889B1DFA1138001D59E1 /* TempForecastLabel.swift */ = {isa = PBXFileReference; fileEncoding = 4; lastKnownFileType = sourcecode.swift; path = TempForecastLabel.swift; sourceTree = "<group>"; };
		7652889C1DFA1138001D59E1 /* TimeLabel.swift */ = {isa = PBXFileReference; fileEncoding = 4; lastKnownFileType = sourcecode.swift; path = TimeLabel.swift; sourceTree = "<group>"; };
		765288A71DFA116D001D59E1 /* CurrentTempView.swift */ = {isa = PBXFileReference; fileEncoding = 4; lastKnownFileType = sourcecode.swift; path = CurrentTempView.swift; sourceTree = "<group>"; };
		765288AB1DFA12C7001D59E1 /* String+Umbrella.swift */ = {isa = PBXFileReference; fileEncoding = 4; lastKnownFileType = sourcecode.swift; path = "String+Umbrella.swift"; sourceTree = "<group>"; };
		765288AC1DFA12C7001D59E1 /* UIColor+Nerdery.swift */ = {isa = PBXFileReference; fileEncoding = 4; lastKnownFileType = sourcecode.swift; path = "UIColor+Nerdery.swift"; sourceTree = "<group>"; };
		CD8FAADF10218537F7993666 /* Pods-UmbrellaTests.release.xcconfig */ = {isa = PBXFileReference; includeInIndex = 1; lastKnownFileType = text.xcconfig; name = "Pods-UmbrellaTests.release.xcconfig"; path = "Pods/Target Support Files/Pods-UmbrellaTests/Pods-UmbrellaTests.release.xcconfig"; sourceTree = "<group>"; };
		D6116B7652EA48ADD2E24EEA /* Pods-Umbrella.release.xcconfig */ = {isa = PBXFileReference; includeInIndex = 1; lastKnownFileType = text.xcconfig; name = "Pods-Umbrella.release.xcconfig"; path = "Pods/Target Support Files/Pods-Umbrella/Pods-Umbrella.release.xcconfig"; sourceTree = "<group>"; };
		DBBB53C431D15F30C5FD5763 /* Pods_UmbrellaTests.framework */ = {isa = PBXFileReference; explicitFileType = wrapper.framework; includeInIndex = 0; path = Pods_UmbrellaTests.framework; sourceTree = BUILT_PRODUCTS_DIR; };
/* End PBXFileReference section */

/* Begin PBXFrameworksBuildPhase section */
		765288651DFA0F0A001D59E1 /* Frameworks */ = {
			isa = PBXFrameworksBuildPhase;
			buildActionMask = 2147483647;
			files = (
				554DF85523B26BE4527635A7 /* Pods_Umbrella.framework in Frameworks */,
			);
			runOnlyForDeploymentPostprocessing = 0;
		};
		7652887C1DFA0F0A001D59E1 /* Frameworks */ = {
			isa = PBXFrameworksBuildPhase;
			buildActionMask = 2147483647;
			files = (
				D3161C681CF1E3A23F7D1005 /* Pods_UmbrellaTests.framework in Frameworks */,
			);
			runOnlyForDeploymentPostprocessing = 0;
		};
/* End PBXFrameworksBuildPhase section */

/* Begin PBXGroup section */
		03B80D6E72AF06125E5A6F28 /* Frameworks */ = {
			isa = PBXGroup;
			children = (
				0D04247E2CF27A02BEAA5177 /* Pods_Umbrella.framework */,
				DBBB53C431D15F30C5FD5763 /* Pods_UmbrellaTests.framework */,
			);
			name = Frameworks;
			sourceTree = "<group>";
		};
		7652885F1DFA0F0A001D59E1 = {
			isa = PBXGroup;
			children = (
				7652886A1DFA0F0A001D59E1 /* Umbrella */,
				765288821DFA0F0A001D59E1 /* UmbrellaTests */,
				765288691DFA0F0A001D59E1 /* Products */,
				955DAD0B92BF56A58DF6B436 /* Pods */,
				03B80D6E72AF06125E5A6F28 /* Frameworks */,
			);
			sourceTree = "<group>";
		};
		765288691DFA0F0A001D59E1 /* Products */ = {
			isa = PBXGroup;
			children = (
				765288681DFA0F0A001D59E1 /* Umbrella.app */,
				7652887F1DFA0F0A001D59E1 /* UmbrellaTests.xctest */,
			);
			name = Products;
			sourceTree = "<group>";
		};
		7652886A1DFA0F0A001D59E1 /* Umbrella */ = {
			isa = PBXGroup;
			children = (
				765288AA1DFA129A001D59E1 /* Extensions */,
				7652888E1DFA1080001D59E1 /* Model */,
				7652888F1DFA1085001D59E1 /* View */,
				765288901DFA108C001D59E1 /* Controller */,
				7652886B1DFA0F0A001D59E1 /* AppDelegate.swift */,
				7652886F1DFA0F0A001D59E1 /* Main.storyboard */,
				765288751DFA0F0A001D59E1 /* Assets.xcassets */,
				765288771DFA0F0A001D59E1 /* LaunchScreen.storyboard */,
				7652887A1DFA0F0A001D59E1 /* Info.plist */,
				765288721DFA0F0A001D59E1 /* Umbrella.xcdatamodeld */,
			);
			path = Umbrella;
			sourceTree = "<group>";
		};
		765288821DFA0F0A001D59E1 /* UmbrellaTests */ = {
			isa = PBXGroup;
			children = (
				765288831DFA0F0A001D59E1 /* UmbrellaTests.swift */,
				765288851DFA0F0A001D59E1 /* Info.plist */,
			);
			path = UmbrellaTests;
			sourceTree = "<group>";
		};
		7652888E1DFA1080001D59E1 /* Model */ = {
			isa = PBXGroup;
			children = (
				765288911DFA10CA001D59E1 /* Weather.swift */,
				765288921DFA10CA001D59E1 /* WeatherRequest.swift */,
			);
			name = Model;
			sourceTree = "<group>";
		};
		7652888F1DFA1085001D59E1 /* View */ = {
			isa = PBXGroup;
			children = (
				765288971DFA1119001D59E1 /* UILabel */,
				765288A71DFA116D001D59E1 /* CurrentTempView.swift */,
			);
			name = View;
			sourceTree = "<group>";
		};
		765288901DFA108C001D59E1 /* Controller */ = {
			isa = PBXGroup;
			children = (
				7652886D1DFA0F0A001D59E1 /* ViewController.swift */,
			);
			name = Controller;
			sourceTree = "<group>";
		};
		765288971DFA1119001D59E1 /* UILabel */ = {
			isa = PBXGroup;
			children = (
				765288981DFA1138001D59E1 /* CityLabel.swift */,
				765288991DFA1138001D59E1 /* CurrentForecastLabel.swift */,
				7652889A1DFA1138001D59E1 /* DayHeaderLabel.swift */,
				7652889B1DFA1138001D59E1 /* TempForecastLabel.swift */,
				7652889C1DFA1138001D59E1 /* TimeLabel.swift */,
			);
			name = UILabel;
			sourceTree = "<group>";
		};
		765288AA1DFA129A001D59E1 /* Extensions */ = {
			isa = PBXGroup;
			children = (
				765288AB1DFA12C7001D59E1 /* String+Umbrella.swift */,
				765288AC1DFA12C7001D59E1 /* UIColor+Nerdery.swift */,
			);
			name = Extensions;
			sourceTree = "<group>";
		};
		955DAD0B92BF56A58DF6B436 /* Pods */ = {
			isa = PBXGroup;
			children = (
				1FB703E9EEDDDF9656DCEFDF /* Pods-Umbrella.debug.xcconfig */,
				D6116B7652EA48ADD2E24EEA /* Pods-Umbrella.release.xcconfig */,
				3FD30C3FB1DDB4019244D473 /* Pods-UmbrellaTests.debug.xcconfig */,
				CD8FAADF10218537F7993666 /* Pods-UmbrellaTests.release.xcconfig */,
			);
			name = Pods;
			sourceTree = "<group>";
		};
/* End PBXGroup section */

/* Begin PBXNativeTarget section */
		765288671DFA0F0A001D59E1 /* Umbrella */ = {
			isa = PBXNativeTarget;
			buildConfigurationList = 765288881DFA0F0A001D59E1 /* Build configuration list for PBXNativeTarget "Umbrella" */;
			buildPhases = (
				69A5390F88CC3878A1E7E15A /* [CP] Check Pods Manifest.lock */,
				765288641DFA0F0A001D59E1 /* Sources */,
				765288651DFA0F0A001D59E1 /* Frameworks */,
				765288661DFA0F0A001D59E1 /* Resources */,
				1C6399D60DF251B0DED75767 /* [CP] Embed Pods Frameworks */,
				5EAE41DF22CAB7DCC4EFD466 /* [CP] Copy Pods Resources */,
			);
			buildRules = (
			);
			dependencies = (
			);
			name = Umbrella;
			productName = Umbrella;
			productReference = 765288681DFA0F0A001D59E1 /* Umbrella.app */;
			productType = "com.apple.product-type.application";
		};
		7652887E1DFA0F0A001D59E1 /* UmbrellaTests */ = {
			isa = PBXNativeTarget;
			buildConfigurationList = 7652888B1DFA0F0A001D59E1 /* Build configuration list for PBXNativeTarget "UmbrellaTests" */;
			buildPhases = (
				E7661A45E9D0E9389CE9C6C5 /* [CP] Check Pods Manifest.lock */,
				7652887B1DFA0F0A001D59E1 /* Sources */,
				7652887C1DFA0F0A001D59E1 /* Frameworks */,
				7652887D1DFA0F0A001D59E1 /* Resources */,
				7373DDA7E92112FD78128F60 /* [CP] Embed Pods Frameworks */,
				73D03887CA3B594997F0902A /* [CP] Copy Pods Resources */,
			);
			buildRules = (
			);
			dependencies = (
				765288811DFA0F0A001D59E1 /* PBXTargetDependency */,
			);
			name = UmbrellaTests;
			productName = UmbrellaTests;
			productReference = 7652887F1DFA0F0A001D59E1 /* UmbrellaTests.xctest */;
			productType = "com.apple.product-type.bundle.unit-test";
		};
/* End PBXNativeTarget section */

/* Begin PBXProject section */
		765288601DFA0F0A001D59E1 /* Project object */ = {
			isa = PBXProject;
			attributes = {
				LastSwiftUpdateCheck = 0810;
				LastUpgradeCheck = 0810;
				ORGANIZATIONNAME = "Vu Dang";
				TargetAttributes = {
					765288671DFA0F0A001D59E1 = {
						CreatedOnToolsVersion = 8.1;
						DevelopmentTeam = JYPLTFPFXY;
						ProvisioningStyle = Automatic;
					};
					7652887E1DFA0F0A001D59E1 = {
						CreatedOnToolsVersion = 8.1;
						DevelopmentTeam = JYPLTFPFXY;
						ProvisioningStyle = Automatic;
						TestTargetID = 765288671DFA0F0A001D59E1;
					};
				};
			};
			buildConfigurationList = 765288631DFA0F0A001D59E1 /* Build configuration list for PBXProject "Umbrella" */;
			compatibilityVersion = "Xcode 3.2";
			developmentRegion = English;
			hasScannedForEncodings = 0;
			knownRegions = (
				en,
				Base,
			);
			mainGroup = 7652885F1DFA0F0A001D59E1;
			productRefGroup = 765288691DFA0F0A001D59E1 /* Products */;
			projectDirPath = "";
			projectRoot = "";
			targets = (
				765288671DFA0F0A001D59E1 /* Umbrella */,
				7652887E1DFA0F0A001D59E1 /* UmbrellaTests */,
			);
		};
/* End PBXProject section */

/* Begin PBXResourcesBuildPhase section */
		765288661DFA0F0A001D59E1 /* Resources */ = {
			isa = PBXResourcesBuildPhase;
			buildActionMask = 2147483647;
			files = (
				765288791DFA0F0A001D59E1 /* LaunchScreen.storyboard in Resources */,
				765288761DFA0F0A001D59E1 /* Assets.xcassets in Resources */,
				765288711DFA0F0A001D59E1 /* Main.storyboard in Resources */,
			);
			runOnlyForDeploymentPostprocessing = 0;
		};
		7652887D1DFA0F0A001D59E1 /* Resources */ = {
			isa = PBXResourcesBuildPhase;
			buildActionMask = 2147483647;
			files = (
			);
			runOnlyForDeploymentPostprocessing = 0;
		};
/* End PBXResourcesBuildPhase section */

/* Begin PBXShellScriptBuildPhase section */
		1C6399D60DF251B0DED75767 /* [CP] Embed Pods Frameworks */ = {
			isa = PBXShellScriptBuildPhase;
			buildActionMask = 2147483647;
			files = (
			);
			inputPaths = (
			);
			name = "[CP] Embed Pods Frameworks";
			outputPaths = (
			);
			runOnlyForDeploymentPostprocessing = 0;
			shellPath = /bin/sh;
			shellScript = "\"${SRCROOT}/Pods/Target Support Files/Pods-Umbrella/Pods-Umbrella-frameworks.sh\"\n";
			showEnvVarsInLog = 0;
		};
		5EAE41DF22CAB7DCC4EFD466 /* [CP] Copy Pods Resources */ = {
			isa = PBXShellScriptBuildPhase;
			buildActionMask = 2147483647;
			files = (
			);
			inputPaths = (
			);
			name = "[CP] Copy Pods Resources";
			outputPaths = (
			);
			runOnlyForDeploymentPostprocessing = 0;
			shellPath = /bin/sh;
			shellScript = "\"${SRCROOT}/Pods/Target Support Files/Pods-Umbrella/Pods-Umbrella-resources.sh\"\n";
			showEnvVarsInLog = 0;
		};
		69A5390F88CC3878A1E7E15A /* [CP] Check Pods Manifest.lock */ = {
			isa = PBXShellScriptBuildPhase;
			buildActionMask = 2147483647;
			files = (
			);
			inputPaths = (
			);
			name = "[CP] Check Pods Manifest.lock";
			outputPaths = (
			);
			runOnlyForDeploymentPostprocessing = 0;
			shellPath = /bin/sh;
			shellScript = "diff \"${PODS_ROOT}/../Podfile.lock\" \"${PODS_ROOT}/Manifest.lock\" > /dev/null\nif [ $? != 0 ] ; then\n    # print error to STDERR\n    echo \"error: The sandbox is not in sync with the Podfile.lock. Run 'pod install' or update your CocoaPods installation.\" >&2\n    exit 1\nfi\n";
			showEnvVarsInLog = 0;
		};
		7373DDA7E92112FD78128F60 /* [CP] Embed Pods Frameworks */ = {
			isa = PBXShellScriptBuildPhase;
			buildActionMask = 2147483647;
			files = (
			);
			inputPaths = (
			);
			name = "[CP] Embed Pods Frameworks";
			outputPaths = (
			);
			runOnlyForDeploymentPostprocessing = 0;
			shellPath = /bin/sh;
			shellScript = "\"${SRCROOT}/Pods/Target Support Files/Pods-UmbrellaTests/Pods-UmbrellaTests-frameworks.sh\"\n";
			showEnvVarsInLog = 0;
		};
		73D03887CA3B594997F0902A /* [CP] Copy Pods Resources */ = {
			isa = PBXShellScriptBuildPhase;
			buildActionMask = 2147483647;
			files = (
			);
			inputPaths = (
			);
			name = "[CP] Copy Pods Resources";
			outputPaths = (
			);
			runOnlyForDeploymentPostprocessing = 0;
			shellPath = /bin/sh;
			shellScript = "\"${SRCROOT}/Pods/Target Support Files/Pods-UmbrellaTests/Pods-UmbrellaTests-resources.sh\"\n";
			showEnvVarsInLog = 0;
		};
		E7661A45E9D0E9389CE9C6C5 /* [CP] Check Pods Manifest.lock */ = {
			isa = PBXShellScriptBuildPhase;
			buildActionMask = 2147483647;
			files = (
			);
			inputPaths = (
			);
			name = "[CP] Check Pods Manifest.lock";
			outputPaths = (
			);
			runOnlyForDeploymentPostprocessing = 0;
			shellPath = /bin/sh;
			shellScript = "diff \"${PODS_ROOT}/../Podfile.lock\" \"${PODS_ROOT}/Manifest.lock\" > /dev/null\nif [ $? != 0 ] ; then\n    # print error to STDERR\n    echo \"error: The sandbox is not in sync with the Podfile.lock. Run 'pod install' or update your CocoaPods installation.\" >&2\n    exit 1\nfi\n";
			showEnvVarsInLog = 0;
		};
/* End PBXShellScriptBuildPhase section */

/* Begin PBXSourcesBuildPhase section */
		765288641DFA0F0A001D59E1 /* Sources */ = {
			isa = PBXSourcesBuildPhase;
			buildActionMask = 2147483647;
			files = (
				765288931DFA10CA001D59E1 /* Weather.swift in Sources */,
				765288741DFA0F0A001D59E1 /* Umbrella.xcdatamodeld in Sources */,
				765288A31DFA1138001D59E1 /* TempForecastLabel.swift in Sources */,
				765288A51DFA1138001D59E1 /* TimeLabel.swift in Sources */,
				7652889F1DFA1138001D59E1 /* CurrentForecastLabel.swift in Sources */,
				7652886E1DFA0F0A001D59E1 /* ViewController.swift in Sources */,
				765288951DFA10CA001D59E1 /* WeatherRequest.swift in Sources */,
				765288A81DFA116D001D59E1 /* CurrentTempView.swift in Sources */,
				765288AF1DFA12C7001D59E1 /* UIColor+Nerdery.swift in Sources */,
				7652886C1DFA0F0A001D59E1 /* AppDelegate.swift in Sources */,
				765288A11DFA1138001D59E1 /* DayHeaderLabel.swift in Sources */,
				765288AD1DFA12C7001D59E1 /* String+Umbrella.swift in Sources */,
				7652889D1DFA1138001D59E1 /* CityLabel.swift in Sources */,
			);
			runOnlyForDeploymentPostprocessing = 0;
		};
		7652887B1DFA0F0A001D59E1 /* Sources */ = {
			isa = PBXSourcesBuildPhase;
			buildActionMask = 2147483647;
			files = (
				765288AE1DFA12C7001D59E1 /* String+Umbrella.swift in Sources */,
				765288961DFA10CA001D59E1 /* WeatherRequest.swift in Sources */,
				765288A61DFA1138001D59E1 /* TimeLabel.swift in Sources */,
				765288941DFA10CA001D59E1 /* Weather.swift in Sources */,
				765288A41DFA1138001D59E1 /* TempForecastLabel.swift in Sources */,
				765288A21DFA1138001D59E1 /* DayHeaderLabel.swift in Sources */,
				765288A91DFA116D001D59E1 /* CurrentTempView.swift in Sources */,
				765288B01DFA12C7001D59E1 /* UIColor+Nerdery.swift in Sources */,
				765288A01DFA1138001D59E1 /* CurrentForecastLabel.swift in Sources */,
				765288841DFA0F0A001D59E1 /* UmbrellaTests.swift in Sources */,
				7652889E1DFA1138001D59E1 /* CityLabel.swift in Sources */,
			);
			runOnlyForDeploymentPostprocessing = 0;
		};
/* End PBXSourcesBuildPhase section */

/* Begin PBXTargetDependency section */
		765288811DFA0F0A001D59E1 /* PBXTargetDependency */ = {
			isa = PBXTargetDependency;
			target = 765288671DFA0F0A001D59E1 /* Umbrella */;
			targetProxy = 765288801DFA0F0A001D59E1 /* PBXContainerItemProxy */;
		};
/* End PBXTargetDependency section */

/* Begin PBXVariantGroup section */
		7652886F1DFA0F0A001D59E1 /* Main.storyboard */ = {
			isa = PBXVariantGroup;
			children = (
				765288701DFA0F0A001D59E1 /* Base */,
			);
			name = Main.storyboard;
			sourceTree = "<group>";
		};
		765288771DFA0F0A001D59E1 /* LaunchScreen.storyboard */ = {
			isa = PBXVariantGroup;
			children = (
				765288781DFA0F0A001D59E1 /* Base */,
			);
			name = LaunchScreen.storyboard;
			sourceTree = "<group>";
		};
/* End PBXVariantGroup section */

/* Begin XCBuildConfiguration section */
		765288861DFA0F0A001D59E1 /* Debug */ = {
			isa = XCBuildConfiguration;
			buildSettings = {
				ALWAYS_SEARCH_USER_PATHS = NO;
				CLANG_ANALYZER_NONNULL = YES;
				CLANG_CXX_LANGUAGE_STANDARD = "gnu++0x";
				CLANG_CXX_LIBRARY = "libc++";
				CLANG_ENABLE_MODULES = YES;
				CLANG_ENABLE_OBJC_ARC = YES;
				CLANG_WARN_BOOL_CONVERSION = YES;
				CLANG_WARN_CONSTANT_CONVERSION = YES;
				CLANG_WARN_DIRECT_OBJC_ISA_USAGE = YES_ERROR;
				CLANG_WARN_DOCUMENTATION_COMMENTS = YES;
				CLANG_WARN_EMPTY_BODY = YES;
				CLANG_WARN_ENUM_CONVERSION = YES;
				CLANG_WARN_INFINITE_RECURSION = YES;
				CLANG_WARN_INT_CONVERSION = YES;
				CLANG_WARN_OBJC_ROOT_CLASS = YES_ERROR;
				CLANG_WARN_SUSPICIOUS_MOVES = YES;
				CLANG_WARN_UNREACHABLE_CODE = YES;
				CLANG_WARN__DUPLICATE_METHOD_MATCH = YES;
				"CODE_SIGN_IDENTITY[sdk=iphoneos*]" = "iPhone Developer";
				COPY_PHASE_STRIP = NO;
				DEBUG_INFORMATION_FORMAT = dwarf;
				ENABLE_STRICT_OBJC_MSGSEND = YES;
				ENABLE_TESTABILITY = YES;
				GCC_C_LANGUAGE_STANDARD = gnu99;
				GCC_DYNAMIC_NO_PIC = NO;
				GCC_NO_COMMON_BLOCKS = YES;
				GCC_OPTIMIZATION_LEVEL = 0;
				GCC_PREPROCESSOR_DEFINITIONS = (
					"DEBUG=1",
					"$(inherited)",
				);
				GCC_WARN_64_TO_32_BIT_CONVERSION = YES;
				GCC_WARN_ABOUT_RETURN_TYPE = YES_ERROR;
				GCC_WARN_UNDECLARED_SELECTOR = YES;
				GCC_WARN_UNINITIALIZED_AUTOS = YES_AGGRESSIVE;
				GCC_WARN_UNUSED_FUNCTION = YES;
				GCC_WARN_UNUSED_VARIABLE = YES;
				IPHONEOS_DEPLOYMENT_TARGET = 10.1;
				MTL_ENABLE_DEBUG_INFO = YES;
				ONLY_ACTIVE_ARCH = YES;
				SDKROOT = iphoneos;
				SWIFT_ACTIVE_COMPILATION_CONDITIONS = DEBUG;
				SWIFT_OPTIMIZATION_LEVEL = "-Onone";
				TARGETED_DEVICE_FAMILY = "1,2";
			};
			name = Debug;
		};
		765288871DFA0F0A001D59E1 /* Release */ = {
			isa = XCBuildConfiguration;
			buildSettings = {
				ALWAYS_SEARCH_USER_PATHS = NO;
				CLANG_ANALYZER_NONNULL = YES;
				CLANG_CXX_LANGUAGE_STANDARD = "gnu++0x";
				CLANG_CXX_LIBRARY = "libc++";
				CLANG_ENABLE_MODULES = YES;
				CLANG_ENABLE_OBJC_ARC = YES;
				CLANG_WARN_BOOL_CONVERSION = YES;
				CLANG_WARN_CONSTANT_CONVERSION = YES;
				CLANG_WARN_DIRECT_OBJC_ISA_USAGE = YES_ERROR;
				CLANG_WARN_DOCUMENTATION_COMMENTS = YES;
				CLANG_WARN_EMPTY_BODY = YES;
				CLANG_WARN_ENUM_CONVERSION = YES;
				CLANG_WARN_INFINITE_RECURSION = YES;
				CLANG_WARN_INT_CONVERSION = YES;
				CLANG_WARN_OBJC_ROOT_CLASS = YES_ERROR;
				CLANG_WARN_SUSPICIOUS_MOVES = YES;
				CLANG_WARN_UNREACHABLE_CODE = YES;
				CLANG_WARN__DUPLICATE_METHOD_MATCH = YES;
				"CODE_SIGN_IDENTITY[sdk=iphoneos*]" = "iPhone Developer";
				COPY_PHASE_STRIP = NO;
				DEBUG_INFORMATION_FORMAT = "dwarf-with-dsym";
				ENABLE_NS_ASSERTIONS = NO;
				ENABLE_STRICT_OBJC_MSGSEND = YES;
				GCC_C_LANGUAGE_STANDARD = gnu99;
				GCC_NO_COMMON_BLOCKS = YES;
				GCC_WARN_64_TO_32_BIT_CONVERSION = YES;
				GCC_WARN_ABOUT_RETURN_TYPE = YES_ERROR;
				GCC_WARN_UNDECLARED_SELECTOR = YES;
				GCC_WARN_UNINITIALIZED_AUTOS = YES_AGGRESSIVE;
				GCC_WARN_UNUSED_FUNCTION = YES;
				GCC_WARN_UNUSED_VARIABLE = YES;
				IPHONEOS_DEPLOYMENT_TARGET = 10.1;
				MTL_ENABLE_DEBUG_INFO = NO;
				SDKROOT = iphoneos;
				SWIFT_OPTIMIZATION_LEVEL = "-Owholemodule";
				TARGETED_DEVICE_FAMILY = "1,2";
				VALIDATE_PRODUCT = YES;
			};
			name = Release;
		};
		765288891DFA0F0A001D59E1 /* Debug */ = {
			isa = XCBuildConfiguration;
			baseConfigurationReference = 1FB703E9EEDDDF9656DCEFDF /* Pods-Umbrella.debug.xcconfig */;
			buildSettings = {
				ASSETCATALOG_COMPILER_APPICON_NAME = AppIcon;
				DEVELOPMENT_TEAM = JYPLTFPFXY;
				INFOPLIST_FILE = Umbrella/Info.plist;
				LD_RUNPATH_SEARCH_PATHS = "$(inherited) @executable_path/Frameworks";
				PRODUCT_BUNDLE_IDENTIFIER = com.neomadgic.Umbrella;
				PRODUCT_NAME = "$(TARGET_NAME)";
				SWIFT_VERSION = 3.0;
			};
			name = Debug;
		};
		7652888A1DFA0F0A001D59E1 /* Release */ = {
			isa = XCBuildConfiguration;
			baseConfigurationReference = D6116B7652EA48ADD2E24EEA /* Pods-Umbrella.release.xcconfig */;
			buildSettings = {
				ASSETCATALOG_COMPILER_APPICON_NAME = AppIcon;
				DEVELOPMENT_TEAM = JYPLTFPFXY;
				INFOPLIST_FILE = Umbrella/Info.plist;
				LD_RUNPATH_SEARCH_PATHS = "$(inherited) @executable_path/Frameworks";
				PRODUCT_BUNDLE_IDENTIFIER = com.neomadgic.Umbrella;
				PRODUCT_NAME = "$(TARGET_NAME)";
				SWIFT_VERSION = 3.0;
			};
			name = Release;
		};
		7652888C1DFA0F0A001D59E1 /* Debug */ = {
			isa = XCBuildConfiguration;
			baseConfigurationReference = 3FD30C3FB1DDB4019244D473 /* Pods-UmbrellaTests.debug.xcconfig */;
			buildSettings = {
				ALWAYS_EMBED_SWIFT_STANDARD_LIBRARIES = YES;
				BUNDLE_LOADER = "$(TEST_HOST)";
				DEVELOPMENT_TEAM = JYPLTFPFXY;
				INFOPLIST_FILE = UmbrellaTests/Info.plist;
				LD_RUNPATH_SEARCH_PATHS = "$(inherited) @executable_path/Frameworks @loader_path/Frameworks";
				PRODUCT_BUNDLE_IDENTIFIER = com.neomadgic.UmbrellaTests;
				PRODUCT_NAME = "$(TARGET_NAME)";
				SWIFT_VERSION = 3.0;
				TEST_HOST = "$(BUILT_PRODUCTS_DIR)/Umbrella.app/Umbrella";
			};
			name = Debug;
		};
		7652888D1DFA0F0A001D59E1 /* Release */ = {
			isa = XCBuildConfiguration;
			baseConfigurationReference = CD8FAADF10218537F7993666 /* Pods-UmbrellaTests.release.xcconfig */;
			buildSettings = {
				ALWAYS_EMBED_SWIFT_STANDARD_LIBRARIES = YES;
				BUNDLE_LOADER = "$(TEST_HOST)";
				DEVELOPMENT_TEAM = JYPLTFPFXY;
				INFOPLIST_FILE = UmbrellaTests/Info.plist;
				LD_RUNPATH_SEARCH_PATHS = "$(inherited) @executable_path/Frameworks @loader_path/Frameworks";
				PRODUCT_BUNDLE_IDENTIFIER = com.neomadgic.UmbrellaTests;
				PRODUCT_NAME = "$(TARGET_NAME)";
				SWIFT_VERSION = 3.0;
				TEST_HOST = "$(BUILT_PRODUCTS_DIR)/Umbrella.app/Umbrella";
			};
			name = Release;
		};
/* End XCBuildConfiguration section */

/* Begin XCConfigurationList section */
		765288631DFA0F0A001D59E1 /* Build configuration list for PBXProject "Umbrella" */ = {
			isa = XCConfigurationList;
			buildConfigurations = (
				765288861DFA0F0A001D59E1 /* Debug */,
				765288871DFA0F0A001D59E1 /* Release */,
			);
			defaultConfigurationIsVisible = 0;
			defaultConfigurationName = Release;
		};
		765288881DFA0F0A001D59E1 /* Build configuration list for PBXNativeTarget "Umbrella" */ = {
			isa = XCConfigurationList;
			buildConfigurations = (
				765288891DFA0F0A001D59E1 /* Debug */,
				7652888A1DFA0F0A001D59E1 /* Release */,
			);
			defaultConfigurationIsVisible = 0;
			defaultConfigurationName = Release;
		};
		7652888B1DFA0F0A001D59E1 /* Build configuration list for PBXNativeTarget "UmbrellaTests" */ = {
			isa = XCConfigurationList;
			buildConfigurations = (
				7652888C1DFA0F0A001D59E1 /* Debug */,
				7652888D1DFA0F0A001D59E1 /* Release */,
			);
			defaultConfigurationIsVisible = 0;
			defaultConfigurationName = Release;
		};
/* End XCConfigurationList section */

/* Begin XCVersionGroup section */
		765288721DFA0F0A001D59E1 /* Umbrella.xcdatamodeld */ = {
			isa = XCVersionGroup;
			children = (
				765288731DFA0F0A001D59E1 /* Umbrella.xcdatamodel */,
			);
			currentVersion = 765288731DFA0F0A001D59E1 /* Umbrella.xcdatamodel */;
			path = Umbrella.xcdatamodeld;
			sourceTree = "<group>";
			versionGroupType = wrapper.xcdatamodel;
		};
/* End XCVersionGroup section */
	};
	rootObject = 765288601DFA0F0A001D59E1 /* Project object */;
}
